{
  "originHash" : "87d769aa779522f0854b2a803ea8494a8cb65819ac77e05a5fe88bf650e2cb6d",
  "pins" : [
    {
      "identity" : "dotlottie-ios",
      "kind" : "remoteSourceControl",
      "location" : "https://github.com/LottieFiles/dotlottie-ios.git",
      "state" : {
        "branch" : "main",
        "revision" : "0ac253fb9d2d4981c780848b6ce1f824bc8946a1"
      }
    }
  ],
  "version" : 3
}
